// !$*UTF8*$!
{
	archiveVersion = 1;
	classes = {
	};
	objectVersion = 51;
	objects = {

/* Begin PBXBuildFile section */
		623AEDC76F4C3B801B457980 /* Pods_alamofire_practiceTests.framework in Frameworks */ = {isa = PBXBuildFile; fileRef = EB32549EBFB4B35A1C436CB6 /* Pods_alamofire_practiceTests.framework */; };
		8EB95CD87FE4639D4A1ABB17 /* Pods_alamofire_practice.framework in Frameworks */ = {isa = PBXBuildFile; fileRef = 9093DBF1BC9FABEE881768A0 /* Pods_alamofire_practice.framework */; };
		E69C456C740EA267F0A92F68 /* Pods_alamofire_practice_alamofire_practiceUITests.framework in Frameworks */ = {isa = PBXBuildFile; fileRef = B46F82E7BB9F8C9C8E75A575 /* Pods_alamofire_practice_alamofire_practiceUITests.framework */; };
		F4F0A939259DAB2B008B09DD /* AppDelegate.swift in Sources */ = {isa = PBXBuildFile; fileRef = F4F0A938259DAB2B008B09DD /* AppDelegate.swift */; };
		F4F0A93B259DAB2B008B09DD /* SceneDelegate.swift in Sources */ = {isa = PBXBuildFile; fileRef = F4F0A93A259DAB2B008B09DD /* SceneDelegate.swift */; };
		F4F0A93D259DAB2B008B09DD /* ViewController.swift in Sources */ = {isa = PBXBuildFile; fileRef = F4F0A93C259DAB2B008B09DD /* ViewController.swift */; };
		F4F0A940259DAB2B008B09DD /* Main.storyboard in Resources */ = {isa = PBXBuildFile; fileRef = F4F0A93E259DAB2B008B09DD /* Main.storyboard */; };
		F4F0A942259DAB2C008B09DD /* Assets.xcassets in Resources */ = {isa = PBXBuildFile; fileRef = F4F0A941259DAB2C008B09DD /* Assets.xcassets */; };
		F4F0A945259DAB2C008B09DD /* LaunchScreen.storyboard in Resources */ = {isa = PBXBuildFile; fileRef = F4F0A943259DAB2C008B09DD /* LaunchScreen.storyboard */; };
		F4F0A950259DAB2C008B09DD /* alamofire_practiceTests.swift in Sources */ = {isa = PBXBuildFile; fileRef = F4F0A94F259DAB2C008B09DD /* alamofire_practiceTests.swift */; };
		F4F0A95B259DAB2C008B09DD /* alamofire_practiceUITests.swift in Sources */ = {isa = PBXBuildFile; fileRef = F4F0A95A259DAB2C008B09DD /* alamofire_practiceUITests.swift */; };
		F4F0A96C259DAE33008B09DD /* Podfile in Resources */ = {isa = PBXBuildFile; fileRef = F4F0A96B259DAE32008B09DD /* Podfile */; };
		F4F0A97B259DB0C3008B09DD /* Constants.swift in Sources */ = {isa = PBXBuildFile; fileRef = F4F0A97A259DB0C3008B09DD /* Constants.swift */; };
		F4F0A98C259DB822008B09DD /* AlamofireManager.swift in Sources */ = {isa = PBXBuildFile; fileRef = F4F0A98B259DB822008B09DD /* AlamofireManager.swift */; };
		F4F0A997259DB957008B09DD /* BaseInterceptor.swift in Sources */ = {isa = PBXBuildFile; fileRef = F4F0A996259DB957008B09DD /* BaseInterceptor.swift */; };
		F4F0A99C259DBF8E008B09DD /* Logger.swift in Sources */ = {isa = PBXBuildFile; fileRef = F4F0A99B259DBF8E008B09DD /* Logger.swift */; };
		F4F0A9A1259DC164008B09DD /* ApiStatusLogger.swift in Sources */ = {isa = PBXBuildFile; fileRef = F4F0A9A0259DC164008B09DD /* ApiStatusLogger.swift */; };
		F4F0A9A9259DCCA6008B09DD /* SearchRouter.swift in Sources */ = {isa = PBXBuildFile; fileRef = F4F0A9A8259DCCA6008B09DD /* SearchRouter.swift */; };
/* End PBXBuildFile section */

/* Begin PBXContainerItemProxy section */
		F4F0A94C259DAB2C008B09DD /* PBXContainerItemProxy */ = {
			isa = PBXContainerItemProxy;
			containerPortal = F4F0A92D259DAB2B008B09DD /* Project object */;
			proxyType = 1;
			remoteGlobalIDString = F4F0A934259DAB2B008B09DD;
			remoteInfo = "alamofire-practice";
		};
		F4F0A957259DAB2C008B09DD /* PBXContainerItemProxy */ = {
			isa = PBXContainerItemProxy;
			containerPortal = F4F0A92D259DAB2B008B09DD /* Project object */;
			proxyType = 1;
			remoteGlobalIDString = F4F0A934259DAB2B008B09DD;
			remoteInfo = "alamofire-practice";
		};
/* End PBXContainerItemProxy section */

/* Begin PBXFileReference section */
		78A0F75079E3E3BBE837B1BB /* Pods-alamofire-practice.debug.xcconfig */ = {isa = PBXFileReference; includeInIndex = 1; lastKnownFileType = text.xcconfig; name = "Pods-alamofire-practice.debug.xcconfig"; path = "Target Support Files/Pods-alamofire-practice/Pods-alamofire-practice.debug.xcconfig"; sourceTree = "<group>"; };
		8769F96B9C49E70536A642AA /* Pods-alamofire-practice-alamofire-practiceUITests.release.xcconfig */ = {isa = PBXFileReference; includeInIndex = 1; lastKnownFileType = text.xcconfig; name = "Pods-alamofire-practice-alamofire-practiceUITests.release.xcconfig"; path = "Target Support Files/Pods-alamofire-practice-alamofire-practiceUITests/Pods-alamofire-practice-alamofire-practiceUITests.release.xcconfig"; sourceTree = "<group>"; };
		88F3ECE53F3AEC50D362FC72 /* Pods-alamofire-practice-alamofire-practiceUITests.debug.xcconfig */ = {isa = PBXFileReference; includeInIndex = 1; lastKnownFileType = text.xcconfig; name = "Pods-alamofire-practice-alamofire-practiceUITests.debug.xcconfig"; path = "Target Support Files/Pods-alamofire-practice-alamofire-practiceUITests/Pods-alamofire-practice-alamofire-practiceUITests.debug.xcconfig"; sourceTree = "<group>"; };
		89199A7AF67770670753ABC9 /* Pods-alamofire-practiceTests.debug.xcconfig */ = {isa = PBXFileReference; includeInIndex = 1; lastKnownFileType = text.xcconfig; name = "Pods-alamofire-practiceTests.debug.xcconfig"; path = "Target Support Files/Pods-alamofire-practiceTests/Pods-alamofire-practiceTests.debug.xcconfig"; sourceTree = "<group>"; };
		9093DBF1BC9FABEE881768A0 /* Pods_alamofire_practice.framework */ = {isa = PBXFileReference; explicitFileType = wrapper.framework; includeInIndex = 0; path = Pods_alamofire_practice.framework; sourceTree = BUILT_PRODUCTS_DIR; };
		B46F82E7BB9F8C9C8E75A575 /* Pods_alamofire_practice_alamofire_practiceUITests.framework */ = {isa = PBXFileReference; explicitFileType = wrapper.framework; includeInIndex = 0; path = Pods_alamofire_practice_alamofire_practiceUITests.framework; sourceTree = BUILT_PRODUCTS_DIR; };
		C30E63FDD57389DE0A013885 /* Pods-alamofire-practiceTests.release.xcconfig */ = {isa = PBXFileReference; includeInIndex = 1; lastKnownFileType = text.xcconfig; name = "Pods-alamofire-practiceTests.release.xcconfig"; path = "Target Support Files/Pods-alamofire-practiceTests/Pods-alamofire-practiceTests.release.xcconfig"; sourceTree = "<group>"; };
		EB32549EBFB4B35A1C436CB6 /* Pods_alamofire_practiceTests.framework */ = {isa = PBXFileReference; explicitFileType = wrapper.framework; includeInIndex = 0; path = Pods_alamofire_practiceTests.framework; sourceTree = BUILT_PRODUCTS_DIR; };
		F4F0A935259DAB2B008B09DD /* alamofire-practice.app */ = {isa = PBXFileReference; explicitFileType = wrapper.application; includeInIndex = 0; path = "alamofire-practice.app"; sourceTree = BUILT_PRODUCTS_DIR; };
		F4F0A938259DAB2B008B09DD /* AppDelegate.swift */ = {isa = PBXFileReference; lastKnownFileType = sourcecode.swift; path = AppDelegate.swift; sourceTree = "<group>"; };
		F4F0A93A259DAB2B008B09DD /* SceneDelegate.swift */ = {isa = PBXFileReference; lastKnownFileType = sourcecode.swift; path = SceneDelegate.swift; sourceTree = "<group>"; };
		F4F0A93C259DAB2B008B09DD /* ViewController.swift */ = {isa = PBXFileReference; lastKnownFileType = sourcecode.swift; path = ViewController.swift; sourceTree = "<group>"; };
		F4F0A93F259DAB2B008B09DD /* Base */ = {isa = PBXFileReference; lastKnownFileType = file.storyboard; name = Base; path = Base.lproj/Main.storyboard; sourceTree = "<group>"; };
		F4F0A941259DAB2C008B09DD /* Assets.xcassets */ = {isa = PBXFileReference; lastKnownFileType = folder.assetcatalog; path = Assets.xcassets; sourceTree = "<group>"; };
		F4F0A944259DAB2C008B09DD /* Base */ = {isa = PBXFileReference; lastKnownFileType = file.storyboard; name = Base; path = Base.lproj/LaunchScreen.storyboard; sourceTree = "<group>"; };
		F4F0A946259DAB2C008B09DD /* Info.plist */ = {isa = PBXFileReference; lastKnownFileType = text.plist.xml; path = Info.plist; sourceTree = "<group>"; };
		F4F0A94B259DAB2C008B09DD /* alamofire-practiceTests.xctest */ = {isa = PBXFileReference; explicitFileType = wrapper.cfbundle; includeInIndex = 0; path = "alamofire-practiceTests.xctest"; sourceTree = BUILT_PRODUCTS_DIR; };
		F4F0A94F259DAB2C008B09DD /* alamofire_practiceTests.swift */ = {isa = PBXFileReference; lastKnownFileType = sourcecode.swift; path = alamofire_practiceTests.swift; sourceTree = "<group>"; };
		F4F0A951259DAB2C008B09DD /* Info.plist */ = {isa = PBXFileReference; lastKnownFileType = text.plist.xml; path = Info.plist; sourceTree = "<group>"; };
		F4F0A956259DAB2C008B09DD /* alamofire-practiceUITests.xctest */ = {isa = PBXFileReference; explicitFileType = wrapper.cfbundle; includeInIndex = 0; path = "alamofire-practiceUITests.xctest"; sourceTree = BUILT_PRODUCTS_DIR; };
		F4F0A95A259DAB2C008B09DD /* alamofire_practiceUITests.swift */ = {isa = PBXFileReference; lastKnownFileType = sourcecode.swift; path = alamofire_practiceUITests.swift; sourceTree = "<group>"; };
		F4F0A95C259DAB2C008B09DD /* Info.plist */ = {isa = PBXFileReference; lastKnownFileType = text.plist.xml; path = Info.plist; sourceTree = "<group>"; };
		F4F0A96B259DAE32008B09DD /* Podfile */ = {isa = PBXFileReference; fileEncoding = 4; lastKnownFileType = text; path = Podfile; sourceTree = SOURCE_ROOT; };
		F4F0A97A259DB0C3008B09DD /* Constants.swift */ = {isa = PBXFileReference; lastKnownFileType = sourcecode.swift; path = Constants.swift; sourceTree = "<group>"; };
		F4F0A98B259DB822008B09DD /* AlamofireManager.swift */ = {isa = PBXFileReference; lastKnownFileType = sourcecode.swift; path = AlamofireManager.swift; sourceTree = "<group>"; };
		F4F0A996259DB957008B09DD /* BaseInterceptor.swift */ = {isa = PBXFileReference; lastKnownFileType = sourcecode.swift; path = BaseInterceptor.swift; sourceTree = "<group>"; };
		F4F0A99B259DBF8E008B09DD /* Logger.swift */ = {isa = PBXFileReference; lastKnownFileType = sourcecode.swift; path = Logger.swift; sourceTree = "<group>"; };
		F4F0A9A0259DC164008B09DD /* ApiStatusLogger.swift */ = {isa = PBXFileReference; lastKnownFileType = sourcecode.swift; path = ApiStatusLogger.swift; sourceTree = "<group>"; };
		F4F0A9A8259DCCA6008B09DD /* SearchRouter.swift */ = {isa = PBXFileReference; lastKnownFileType = sourcecode.swift; path = SearchRouter.swift; sourceTree = "<group>"; };
		F68A5D9C4DCB4E4731A19257 /* Pods-alamofire-practice.release.xcconfig */ = {isa = PBXFileReference; includeInIndex = 1; lastKnownFileType = text.xcconfig; name = "Pods-alamofire-practice.release.xcconfig"; path = "Target Support Files/Pods-alamofire-practice/Pods-alamofire-practice.release.xcconfig"; sourceTree = "<group>"; };
/* End PBXFileReference section */

/* Begin PBXFrameworksBuildPhase section */
		F4F0A932259DAB2B008B09DD /* Frameworks */ = {
			isa = PBXFrameworksBuildPhase;
			buildActionMask = 2147483647;
			files = (
				8EB95CD87FE4639D4A1ABB17 /* Pods_alamofire_practice.framework in Frameworks */,
			);
			runOnlyForDeploymentPostprocessing = 0;
		};
		F4F0A948259DAB2C008B09DD /* Frameworks */ = {
			isa = PBXFrameworksBuildPhase;
			buildActionMask = 2147483647;
			files = (
				623AEDC76F4C3B801B457980 /* Pods_alamofire_practiceTests.framework in Frameworks */,
			);
			runOnlyForDeploymentPostprocessing = 0;
		};
		F4F0A953259DAB2C008B09DD /* Frameworks */ = {
			isa = PBXFrameworksBuildPhase;
			buildActionMask = 2147483647;
			files = (
				E69C456C740EA267F0A92F68 /* Pods_alamofire_practice_alamofire_practiceUITests.framework in Frameworks */,
			);
			runOnlyForDeploymentPostprocessing = 0;
		};
/* End PBXFrameworksBuildPhase section */

/* Begin PBXGroup section */
		3407393A876E9E4B9BDCFA1F /* Pods */ = {
			isa = PBXGroup;
			children = (
				78A0F75079E3E3BBE837B1BB /* Pods-alamofire-practice.debug.xcconfig */,
				F68A5D9C4DCB4E4731A19257 /* Pods-alamofire-practice.release.xcconfig */,
				88F3ECE53F3AEC50D362FC72 /* Pods-alamofire-practice-alamofire-practiceUITests.debug.xcconfig */,
				8769F96B9C49E70536A642AA /* Pods-alamofire-practice-alamofire-practiceUITests.release.xcconfig */,
				89199A7AF67770670753ABC9 /* Pods-alamofire-practiceTests.debug.xcconfig */,
				C30E63FDD57389DE0A013885 /* Pods-alamofire-practiceTests.release.xcconfig */,
			);
			path = Pods;
			sourceTree = "<group>";
		};
		BF8C23057CC94075449E2A3A /* Frameworks */ = {
			isa = PBXGroup;
			children = (
				9093DBF1BC9FABEE881768A0 /* Pods_alamofire_practice.framework */,
				B46F82E7BB9F8C9C8E75A575 /* Pods_alamofire_practice_alamofire_practiceUITests.framework */,
				EB32549EBFB4B35A1C436CB6 /* Pods_alamofire_practiceTests.framework */,
			);
			name = Frameworks;
			sourceTree = "<group>";
		};
		F4F0A92C259DAB2B008B09DD = {
			isa = PBXGroup;
			children = (
				F4F0A937259DAB2B008B09DD /* alamofire-practice */,
				F4F0A94E259DAB2C008B09DD /* alamofire-practiceTests */,
				F4F0A959259DAB2C008B09DD /* alamofire-practiceUITests */,
				F4F0A936259DAB2B008B09DD /* Products */,
				3407393A876E9E4B9BDCFA1F /* Pods */,
				BF8C23057CC94075449E2A3A /* Frameworks */,
			);
			sourceTree = "<group>";
		};
		F4F0A936259DAB2B008B09DD /* Products */ = {
			isa = PBXGroup;
			children = (
				F4F0A935259DAB2B008B09DD /* alamofire-practice.app */,
				F4F0A94B259DAB2C008B09DD /* alamofire-practiceTests.xctest */,
				F4F0A956259DAB2C008B09DD /* alamofire-practiceUITests.xctest */,
			);
			name = Products;
			sourceTree = "<group>";
		};
		F4F0A937259DAB2B008B09DD /* alamofire-practice */ = {
			isa = PBXGroup;
			children = (
				F4F0A98A259DB7EE008B09DD /* API */,
				F4F0A97F259DB16D008B09DD /* Utils */,
				F4F0A938259DAB2B008B09DD /* AppDelegate.swift */,
				F4F0A93A259DAB2B008B09DD /* SceneDelegate.swift */,
				F4F0A93C259DAB2B008B09DD /* ViewController.swift */,
				F4F0A93E259DAB2B008B09DD /* Main.storyboard */,
				F4F0A941259DAB2C008B09DD /* Assets.xcassets */,
				F4F0A943259DAB2C008B09DD /* LaunchScreen.storyboard */,
				F4F0A946259DAB2C008B09DD /* Info.plist */,
				F4F0A96B259DAE32008B09DD /* Podfile */,
			);
			path = "alamofire-practice";
			sourceTree = "<group>";
		};
		F4F0A94E259DAB2C008B09DD /* alamofire-practiceTests */ = {
			isa = PBXGroup;
			children = (
				F4F0A94F259DAB2C008B09DD /* alamofire_practiceTests.swift */,
				F4F0A951259DAB2C008B09DD /* Info.plist */,
			);
			path = "alamofire-practiceTests";
			sourceTree = "<group>";
		};
		F4F0A959259DAB2C008B09DD /* alamofire-practiceUITests */ = {
			isa = PBXGroup;
			children = (
				F4F0A95A259DAB2C008B09DD /* alamofire_practiceUITests.swift */,
				F4F0A95C259DAB2C008B09DD /* Info.plist */,
			);
			path = "alamofire-practiceUITests";
			sourceTree = "<group>";
		};
		F4F0A97F259DB16D008B09DD /* Utils */ = {
			isa = PBXGroup;
			children = (
				F4F0A97A259DB0C3008B09DD /* Constants.swift */,
			);
			path = Utils;
			sourceTree = "<group>";
		};
		F4F0A98A259DB7EE008B09DD /* API */ = {
			isa = PBXGroup;
			children = (
				F4F0A98B259DB822008B09DD /* AlamofireManager.swift */,
				F4F0A9A8259DCCA6008B09DD /* SearchRouter.swift */,
				F4F0A996259DB957008B09DD /* BaseInterceptor.swift */,
				F4F0A99B259DBF8E008B09DD /* Logger.swift */,
				F4F0A9A0259DC164008B09DD /* ApiStatusLogger.swift */,
			);
			path = API;
			sourceTree = "<group>";
		};
/* End PBXGroup section */

/* Begin PBXNativeTarget section */
		F4F0A934259DAB2B008B09DD /* alamofire-practice */ = {
			isa = PBXNativeTarget;
			buildConfigurationList = F4F0A95F259DAB2C008B09DD /* Build configuration list for PBXNativeTarget "alamofire-practice" */;
			buildPhases = (
				76CE1B968360104276CC8D3D /* [CP] Check Pods Manifest.lock */,
				F4F0A931259DAB2B008B09DD /* Sources */,
				F4F0A932259DAB2B008B09DD /* Frameworks */,
				F4F0A933259DAB2B008B09DD /* Resources */,
				9FA89A74A9374D3E2D53256F /* [CP] Embed Pods Frameworks */,
			);
			buildRules = (
			);
			dependencies = (
			);
			name = "alamofire-practice";
			productName = "alamofire-practice";
			productReference = F4F0A935259DAB2B008B09DD /* alamofire-practice.app */;
			productType = "com.apple.product-type.application";
		};
		F4F0A94A259DAB2C008B09DD /* alamofire-practiceTests */ = {
			isa = PBXNativeTarget;
			buildConfigurationList = F4F0A962259DAB2C008B09DD /* Build configuration list for PBXNativeTarget "alamofire-practiceTests" */;
			buildPhases = (
				6B73520916C3E8ECE45B46D5 /* [CP] Check Pods Manifest.lock */,
				F4F0A947259DAB2C008B09DD /* Sources */,
				F4F0A948259DAB2C008B09DD /* Frameworks */,
				F4F0A949259DAB2C008B09DD /* Resources */,
			);
			buildRules = (
			);
			dependencies = (
				F4F0A94D259DAB2C008B09DD /* PBXTargetDependency */,
			);
			name = "alamofire-practiceTests";
			productName = "alamofire-practiceTests";
			productReference = F4F0A94B259DAB2C008B09DD /* alamofire-practiceTests.xctest */;
			productType = "com.apple.product-type.bundle.unit-test";
		};
		F4F0A955259DAB2C008B09DD /* alamofire-practiceUITests */ = {
			isa = PBXNativeTarget;
			buildConfigurationList = F4F0A965259DAB2C008B09DD /* Build configuration list for PBXNativeTarget "alamofire-practiceUITests" */;
			buildPhases = (
				FDF8F4280978386DA9208196 /* [CP] Check Pods Manifest.lock */,
				F4F0A952259DAB2C008B09DD /* Sources */,
				F4F0A953259DAB2C008B09DD /* Frameworks */,
				F4F0A954259DAB2C008B09DD /* Resources */,
				1AE682F85941EF33FF4D130F /* [CP] Embed Pods Frameworks */,
			);
			buildRules = (
			);
			dependencies = (
				F4F0A958259DAB2C008B09DD /* PBXTargetDependency */,
			);
			name = "alamofire-practiceUITests";
			productName = "alamofire-practiceUITests";
			productReference = F4F0A956259DAB2C008B09DD /* alamofire-practiceUITests.xctest */;
			productType = "com.apple.product-type.bundle.ui-testing";
		};
/* End PBXNativeTarget section */

/* Begin PBXProject section */
		F4F0A92D259DAB2B008B09DD /* Project object */ = {
			isa = PBXProject;
			attributes = {
				LastSwiftUpdateCheck = 1230;
				LastUpgradeCheck = 1230;
				TargetAttributes = {
					F4F0A934259DAB2B008B09DD = {
						CreatedOnToolsVersion = 12.3;
					};
					F4F0A94A259DAB2C008B09DD = {
						CreatedOnToolsVersion = 12.3;
						TestTargetID = F4F0A934259DAB2B008B09DD;
					};
					F4F0A955259DAB2C008B09DD = {
						CreatedOnToolsVersion = 12.3;
						TestTargetID = F4F0A934259DAB2B008B09DD;
					};
				};
			};
			buildConfigurationList = F4F0A930259DAB2B008B09DD /* Build configuration list for PBXProject "alamofire-practice" */;
			compatibilityVersion = "Xcode 9.3";
			developmentRegion = en;
			hasScannedForEncodings = 0;
			knownRegions = (
				en,
				Base,
			);
			mainGroup = F4F0A92C259DAB2B008B09DD;
			productRefGroup = F4F0A936259DAB2B008B09DD /* Products */;
			projectDirPath = "";
			projectRoot = "";
			targets = (
				F4F0A934259DAB2B008B09DD /* alamofire-practice */,
				F4F0A94A259DAB2C008B09DD /* alamofire-practiceTests */,
				F4F0A955259DAB2C008B09DD /* alamofire-practiceUITests */,
			);
		};
/* End PBXProject section */

/* Begin PBXResourcesBuildPhase section */
		F4F0A933259DAB2B008B09DD /* Resources */ = {
			isa = PBXResourcesBuildPhase;
			buildActionMask = 2147483647;
			files = (
				F4F0A945259DAB2C008B09DD /* LaunchScreen.storyboard in Resources */,
				F4F0A942259DAB2C008B09DD /* Assets.xcassets in Resources */,
				F4F0A96C259DAE33008B09DD /* Podfile in Resources */,
				F4F0A940259DAB2B008B09DD /* Main.storyboard in Resources */,
			);
			runOnlyForDeploymentPostprocessing = 0;
		};
		F4F0A949259DAB2C008B09DD /* Resources */ = {
			isa = PBXResourcesBuildPhase;
			buildActionMask = 2147483647;
			files = (
			);
			runOnlyForDeploymentPostprocessing = 0;
		};
		F4F0A954259DAB2C008B09DD /* Resources */ = {
			isa = PBXResourcesBuildPhase;
			buildActionMask = 2147483647;
			files = (
			);
			runOnlyForDeploymentPostprocessing = 0;
		};
/* End PBXResourcesBuildPhase section */

/* Begin PBXShellScriptBuildPhase section */
		1AE682F85941EF33FF4D130F /* [CP] Embed Pods Frameworks */ = {
			isa = PBXShellScriptBuildPhase;
			buildActionMask = 2147483647;
			files = (
			);
			inputFileListPaths = (
				"${PODS_ROOT}/Target Support Files/Pods-alamofire-practice-alamofire-practiceUITests/Pods-alamofire-practice-alamofire-practiceUITests-frameworks-${CONFIGURATION}-input-files.xcfilelist",
			);
			name = "[CP] Embed Pods Frameworks";
			outputFileListPaths = (
				"${PODS_ROOT}/Target Support Files/Pods-alamofire-practice-alamofire-practiceUITests/Pods-alamofire-practice-alamofire-practiceUITests-frameworks-${CONFIGURATION}-output-files.xcfilelist",
			);
			runOnlyForDeploymentPostprocessing = 0;
			shellPath = /bin/sh;
			shellScript = "\"${PODS_ROOT}/Target Support Files/Pods-alamofire-practice-alamofire-practiceUITests/Pods-alamofire-practice-alamofire-practiceUITests-frameworks.sh\"\n";
			showEnvVarsInLog = 0;
		};
		6B73520916C3E8ECE45B46D5 /* [CP] Check Pods Manifest.lock */ = {
			isa = PBXShellScriptBuildPhase;
			buildActionMask = 2147483647;
			files = (
			);
			inputFileListPaths = (
			);
			inputPaths = (
				"${PODS_PODFILE_DIR_PATH}/Podfile.lock",
				"${PODS_ROOT}/Manifest.lock",
			);
			name = "[CP] Check Pods Manifest.lock";
			outputFileListPaths = (
			);
			outputPaths = (
				"$(DERIVED_FILE_DIR)/Pods-alamofire-practiceTests-checkManifestLockResult.txt",
			);
			runOnlyForDeploymentPostprocessing = 0;
			shellPath = /bin/sh;
			shellScript = "diff \"${PODS_PODFILE_DIR_PATH}/Podfile.lock\" \"${PODS_ROOT}/Manifest.lock\" > /dev/null\nif [ $? != 0 ] ; then\n    # print error to STDERR\n    echo \"error: The sandbox is not in sync with the Podfile.lock. Run 'pod install' or update your CocoaPods installation.\" >&2\n    exit 1\nfi\n# This output is used by Xcode 'outputs' to avoid re-running this script phase.\necho \"SUCCESS\" > \"${SCRIPT_OUTPUT_FILE_0}\"\n";
			showEnvVarsInLog = 0;
		};
		76CE1B968360104276CC8D3D /* [CP] Check Pods Manifest.lock */ = {
			isa = PBXShellScriptBuildPhase;
			buildActionMask = 2147483647;
			files = (
			);
			inputFileListPaths = (
			);
			inputPaths = (
				"${PODS_PODFILE_DIR_PATH}/Podfile.lock",
				"${PODS_ROOT}/Manifest.lock",
			);
			name = "[CP] Check Pods Manifest.lock";
			outputFileListPaths = (
			);
			outputPaths = (
				"$(DERIVED_FILE_DIR)/Pods-alamofire-practice-checkManifestLockResult.txt",
			);
			runOnlyForDeploymentPostprocessing = 0;
			shellPath = /bin/sh;
			shellScript = "diff \"${PODS_PODFILE_DIR_PATH}/Podfile.lock\" \"${PODS_ROOT}/Manifest.lock\" > /dev/null\nif [ $? != 0 ] ; then\n    # print error to STDERR\n    echo \"error: The sandbox is not in sync with the Podfile.lock. Run 'pod install' or update your CocoaPods installation.\" >&2\n    exit 1\nfi\n# This output is used by Xcode 'outputs' to avoid re-running this script phase.\necho \"SUCCESS\" > \"${SCRIPT_OUTPUT_FILE_0}\"\n";
			showEnvVarsInLog = 0;
		};
		9FA89A74A9374D3E2D53256F /* [CP] Embed Pods Frameworks */ = {
			isa = PBXShellScriptBuildPhase;
			buildActionMask = 2147483647;
			files = (
			);
			inputFileListPaths = (
				"${PODS_ROOT}/Target Support Files/Pods-alamofire-practice/Pods-alamofire-practice-frameworks-${CONFIGURATION}-input-files.xcfilelist",
			);
			name = "[CP] Embed Pods Frameworks";
			outputFileListPaths = (
				"${PODS_ROOT}/Target Support Files/Pods-alamofire-practice/Pods-alamofire-practice-frameworks-${CONFIGURATION}-output-files.xcfilelist",
			);
			runOnlyForDeploymentPostprocessing = 0;
			shellPath = /bin/sh;
			shellScript = "\"${PODS_ROOT}/Target Support Files/Pods-alamofire-practice/Pods-alamofire-practice-frameworks.sh\"\n";
			showEnvVarsInLog = 0;
		};
		FDF8F4280978386DA9208196 /* [CP] Check Pods Manifest.lock */ = {
			isa = PBXShellScriptBuildPhase;
			buildActionMask = 2147483647;
			files = (
			);
			inputFileListPaths = (
			);
			inputPaths = (
				"${PODS_PODFILE_DIR_PATH}/Podfile.lock",
				"${PODS_ROOT}/Manifest.lock",
			);
			name = "[CP] Check Pods Manifest.lock";
			outputFileListPaths = (
			);
			outputPaths = (
				"$(DERIVED_FILE_DIR)/Pods-alamofire-practice-alamofire-practiceUITests-checkManifestLockResult.txt",
			);
			runOnlyForDeploymentPostprocessing = 0;
			shellPath = /bin/sh;
			shellScript = "diff \"${PODS_PODFILE_DIR_PATH}/Podfile.lock\" \"${PODS_ROOT}/Manifest.lock\" > /dev/null\nif [ $? != 0 ] ; then\n    # print error to STDERR\n    echo \"error: The sandbox is not in sync with the Podfile.lock. Run 'pod install' or update your CocoaPods installation.\" >&2\n    exit 1\nfi\n# This output is used by Xcode 'outputs' to avoid re-running this script phase.\necho \"SUCCESS\" > \"${SCRIPT_OUTPUT_FILE_0}\"\n";
			showEnvVarsInLog = 0;
		};
/* End PBXShellScriptBuildPhase section */

/* Begin PBXSourcesBuildPhase section */
		F4F0A931259DAB2B008B09DD /* Sources */ = {
			isa = PBXSourcesBuildPhase;
			buildActionMask = 2147483647;
			files = (
				F4F0A93D259DAB2B008B09DD /* ViewController.swift in Sources */,
				F4F0A98C259DB822008B09DD /* AlamofireManager.swift in Sources */,
				F4F0A997259DB957008B09DD /* BaseInterceptor.swift in Sources */,
				F4F0A9A9259DCCA6008B09DD /* SearchRouter.swift in Sources */,
				F4F0A939259DAB2B008B09DD /* AppDelegate.swift in Sources */,
				F4F0A99C259DBF8E008B09DD /* Logger.swift in Sources */,
				F4F0A93B259DAB2B008B09DD /* SceneDelegate.swift in Sources */,
				F4F0A9A1259DC164008B09DD /* ApiStatusLogger.swift in Sources */,
				F4F0A97B259DB0C3008B09DD /* Constants.swift in Sources */,
			);
			runOnlyForDeploymentPostprocessing = 0;
		};
		F4F0A947259DAB2C008B09DD /* Sources */ = {
			isa = PBXSourcesBuildPhase;
			buildActionMask = 2147483647;
			files = (
				F4F0A950259DAB2C008B09DD /* alamofire_practiceTests.swift in Sources */,
			);
			runOnlyForDeploymentPostprocessing = 0;
		};
		F4F0A952259DAB2C008B09DD /* Sources */ = {
			isa = PBXSourcesBuildPhase;
			buildActionMask = 2147483647;
			files = (
				F4F0A95B259DAB2C008B09DD /* alamofire_practiceUITests.swift in Sources */,
			);
			runOnlyForDeploymentPostprocessing = 0;
		};
/* End PBXSourcesBuildPhase section */

/* Begin PBXTargetDependency section */
		F4F0A94D259DAB2C008B09DD /* PBXTargetDependency */ = {
			isa = PBXTargetDependency;
			target = F4F0A934259DAB2B008B09DD /* alamofire-practice */;
			targetProxy = F4F0A94C259DAB2C008B09DD /* PBXContainerItemProxy */;
		};
		F4F0A958259DAB2C008B09DD /* PBXTargetDependency */ = {
			isa = PBXTargetDependency;
			target = F4F0A934259DAB2B008B09DD /* alamofire-practice */;
			targetProxy = F4F0A957259DAB2C008B09DD /* PBXContainerItemProxy */;
		};
/* End PBXTargetDependency section */

/* Begin PBXVariantGroup section */
		F4F0A93E259DAB2B008B09DD /* Main.storyboard */ = {
			isa = PBXVariantGroup;
			children = (
				F4F0A93F259DAB2B008B09DD /* Base */,
			);
			name = Main.storyboard;
			sourceTree = "<group>";
		};
		F4F0A943259DAB2C008B09DD /* LaunchScreen.storyboard */ = {
			isa = PBXVariantGroup;
			children = (
				F4F0A944259DAB2C008B09DD /* Base */,
			);
			name = LaunchScreen.storyboard;
			sourceTree = "<group>";
		};
/* End PBXVariantGroup section */

/* Begin XCBuildConfiguration section */
		F4F0A95D259DAB2C008B09DD /* Debug */ = {
			isa = XCBuildConfiguration;
			buildSettings = {
				ALWAYS_SEARCH_USER_PATHS = NO;
				CLANG_ANALYZER_NONNULL = YES;
				CLANG_ANALYZER_NUMBER_OBJECT_CONVERSION = YES_AGGRESSIVE;
				CLANG_CXX_LANGUAGE_STANDARD = "gnu++14";
				CLANG_CXX_LIBRARY = "libc++";
				CLANG_ENABLE_MODULES = YES;
				CLANG_ENABLE_OBJC_ARC = YES;
				CLANG_ENABLE_OBJC_WEAK = YES;
				CLANG_WARN_BLOCK_CAPTURE_AUTORELEASING = YES;
				CLANG_WARN_BOOL_CONVERSION = YES;
				CLANG_WARN_COMMA = YES;
				CLANG_WARN_CONSTANT_CONVERSION = YES;
				CLANG_WARN_DEPRECATED_OBJC_IMPLEMENTATIONS = YES;
				CLANG_WARN_DIRECT_OBJC_ISA_USAGE = YES_ERROR;
				CLANG_WARN_DOCUMENTATION_COMMENTS = YES;
				CLANG_WARN_EMPTY_BODY = YES;
				CLANG_WARN_ENUM_CONVERSION = YES;
				CLANG_WARN_INFINITE_RECURSION = YES;
				CLANG_WARN_INT_CONVERSION = YES;
				CLANG_WARN_NON_LITERAL_NULL_CONVERSION = YES;
				CLANG_WARN_OBJC_IMPLICIT_RETAIN_SELF = YES;
				CLANG_WARN_OBJC_LITERAL_CONVERSION = YES;
				CLANG_WARN_OBJC_ROOT_CLASS = YES_ERROR;
				CLANG_WARN_QUOTED_INCLUDE_IN_FRAMEWORK_HEADER = YES;
				CLANG_WARN_RANGE_LOOP_ANALYSIS = YES;
				CLANG_WARN_STRICT_PROTOTYPES = YES;
				CLANG_WARN_SUSPICIOUS_MOVE = YES;
				CLANG_WARN_UNGUARDED_AVAILABILITY = YES_AGGRESSIVE;
				CLANG_WARN_UNREACHABLE_CODE = YES;
				CLANG_WARN__DUPLICATE_METHOD_MATCH = YES;
				COPY_PHASE_STRIP = NO;
				DEBUG_INFORMATION_FORMAT = dwarf;
				ENABLE_STRICT_OBJC_MSGSEND = YES;
				ENABLE_TESTABILITY = YES;
				GCC_C_LANGUAGE_STANDARD = gnu11;
				GCC_DYNAMIC_NO_PIC = NO;
				GCC_NO_COMMON_BLOCKS = YES;
				GCC_OPTIMIZATION_LEVEL = 0;
				GCC_PREPROCESSOR_DEFINITIONS = (
					"DEBUG=1",
					"$(inherited)",
				);
				GCC_WARN_64_TO_32_BIT_CONVERSION = YES;
				GCC_WARN_ABOUT_RETURN_TYPE = YES_ERROR;
				GCC_WARN_UNDECLARED_SELECTOR = YES;
				GCC_WARN_UNINITIALIZED_AUTOS = YES_AGGRESSIVE;
				GCC_WARN_UNUSED_FUNCTION = YES;
				GCC_WARN_UNUSED_VARIABLE = YES;
				IPHONEOS_DEPLOYMENT_TARGET = 14.3;
				MTL_ENABLE_DEBUG_INFO = INCLUDE_SOURCE;
				MTL_FAST_MATH = YES;
				ONLY_ACTIVE_ARCH = YES;
				SDKROOT = iphoneos;
				SWIFT_ACTIVE_COMPILATION_CONDITIONS = DEBUG;
				SWIFT_OPTIMIZATION_LEVEL = "-Onone";
			};
			name = Debug;
		};
		F4F0A95E259DAB2C008B09DD /* Release */ = {
			isa = XCBuildConfiguration;
			buildSettings = {
				ALWAYS_SEARCH_USER_PATHS = NO;
				CLANG_ANALYZER_NONNULL = YES;
				CLANG_ANALYZER_NUMBER_OBJECT_CONVERSION = YES_AGGRESSIVE;
				CLANG_CXX_LANGUAGE_STANDARD = "gnu++14";
				CLANG_CXX_LIBRARY = "libc++";
				CLANG_ENABLE_MODULES = YES;
				CLANG_ENABLE_OBJC_ARC = YES;
				CLANG_ENABLE_OBJC_WEAK = YES;
				CLANG_WARN_BLOCK_CAPTURE_AUTORELEASING = YES;
				CLANG_WARN_BOOL_CONVERSION = YES;
				CLANG_WARN_COMMA = YES;
				CLANG_WARN_CONSTANT_CONVERSION = YES;
				CLANG_WARN_DEPRECATED_OBJC_IMPLEMENTATIONS = YES;
				CLANG_WARN_DIRECT_OBJC_ISA_USAGE = YES_ERROR;
				CLANG_WARN_DOCUMENTATION_COMMENTS = YES;
				CLANG_WARN_EMPTY_BODY = YES;
				CLANG_WARN_ENUM_CONVERSION = YES;
				CLANG_WARN_INFINITE_RECURSION = YES;
				CLANG_WARN_INT_CONVERSION = YES;
				CLANG_WARN_NON_LITERAL_NULL_CONVERSION = YES;
				CLANG_WARN_OBJC_IMPLICIT_RETAIN_SELF = YES;
				CLANG_WARN_OBJC_LITERAL_CONVERSION = YES;
				CLANG_WARN_OBJC_ROOT_CLASS = YES_ERROR;
				CLANG_WARN_QUOTED_INCLUDE_IN_FRAMEWORK_HEADER = YES;
				CLANG_WARN_RANGE_LOOP_ANALYSIS = YES;
				CLANG_WARN_STRICT_PROTOTYPES = YES;
				CLANG_WARN_SUSPICIOUS_MOVE = YES;
				CLANG_WARN_UNGUARDED_AVAILABILITY = YES_AGGRESSIVE;
				CLANG_WARN_UNREACHABLE_CODE = YES;
				CLANG_WARN__DUPLICATE_METHOD_MATCH = YES;
				COPY_PHASE_STRIP = NO;
				DEBUG_INFORMATION_FORMAT = "dwarf-with-dsym";
				ENABLE_NS_ASSERTIONS = NO;
				ENABLE_STRICT_OBJC_MSGSEND = YES;
				GCC_C_LANGUAGE_STANDARD = gnu11;
				GCC_NO_COMMON_BLOCKS = YES;
				GCC_WARN_64_TO_32_BIT_CONVERSION = YES;
				GCC_WARN_ABOUT_RETURN_TYPE = YES_ERROR;
				GCC_WARN_UNDECLARED_SELECTOR = YES;
				GCC_WARN_UNINITIALIZED_AUTOS = YES_AGGRESSIVE;
				GCC_WARN_UNUSED_FUNCTION = YES;
				GCC_WARN_UNUSED_VARIABLE = YES;
				IPHONEOS_DEPLOYMENT_TARGET = 14.3;
				MTL_ENABLE_DEBUG_INFO = NO;
				MTL_FAST_MATH = YES;
				SDKROOT = iphoneos;
				SWIFT_COMPILATION_MODE = wholemodule;
				SWIFT_OPTIMIZATION_LEVEL = "-O";
				VALIDATE_PRODUCT = YES;
			};
			name = Release;
		};
		F4F0A960259DAB2C008B09DD /* Debug */ = {
			isa = XCBuildConfiguration;
			baseConfigurationReference = 78A0F75079E3E3BBE837B1BB /* Pods-alamofire-practice.debug.xcconfig */;
			buildSettings = {
				ASSETCATALOG_COMPILER_APPICON_NAME = AppIcon;
				ASSETCATALOG_COMPILER_GLOBAL_ACCENT_COLOR_NAME = AccentColor;
				CODE_SIGN_STYLE = Automatic;
				DEVELOPMENT_TEAM = A4Y56L47G9;
				INFOPLIST_FILE = "alamofire-practice/Info.plist";
				LD_RUNPATH_SEARCH_PATHS = (
					"$(inherited)",
					"@executable_path/Frameworks",
				);
				PRODUCT_BUNDLE_IDENTIFIER = "com.alamofire-practice";
				PRODUCT_NAME = "$(TARGET_NAME)";
				SWIFT_VERSION = 5.0;
				TARGETED_DEVICE_FAMILY = "1,2";
			};
			name = Debug;
		};
		F4F0A961259DAB2C008B09DD /* Release */ = {
			isa = XCBuildConfiguration;
			baseConfigurationReference = F68A5D9C4DCB4E4731A19257 /* Pods-alamofire-practice.release.xcconfig */;
			buildSettings = {
				ASSETCATALOG_COMPILER_APPICON_NAME = AppIcon;
				ASSETCATALOG_COMPILER_GLOBAL_ACCENT_COLOR_NAME = AccentColor;
				CODE_SIGN_STYLE = Automatic;
				DEVELOPMENT_TEAM = A4Y56L47G9;
				INFOPLIST_FILE = "alamofire-practice/Info.plist";
				LD_RUNPATH_SEARCH_PATHS = (
					"$(inherited)",
					"@executable_path/Frameworks",
				);
				PRODUCT_BUNDLE_IDENTIFIER = "com.alamofire-practice";
				PRODUCT_NAME = "$(TARGET_NAME)";
				SWIFT_VERSION = 5.0;
				TARGETED_DEVICE_FAMILY = "1,2";
			};
			name = Release;
		};
		F4F0A963259DAB2C008B09DD /* Debug */ = {
			isa = XCBuildConfiguration;
			baseConfigurationReference = 89199A7AF67770670753ABC9 /* Pods-alamofire-practiceTests.debug.xcconfig */;
			buildSettings = {
				ALWAYS_EMBED_SWIFT_STANDARD_LIBRARIES = YES;
				BUNDLE_LOADER = "$(TEST_HOST)";
				CODE_SIGN_STYLE = Automatic;
				DEVELOPMENT_TEAM = A4Y56L47G9;
				INFOPLIST_FILE = "alamofire-practiceTests/Info.plist";
				IPHONEOS_DEPLOYMENT_TARGET = 14.3;
				LD_RUNPATH_SEARCH_PATHS = (
					"$(inherited)",
					"@executable_path/Frameworks",
					"@loader_path/Frameworks",
				);
				PRODUCT_BUNDLE_IDENTIFIER = "com.alamofire-practiceTests";
				PRODUCT_NAME = "$(TARGET_NAME)";
				SWIFT_VERSION = 5.0;
				TARGETED_DEVICE_FAMILY = "1,2";
				TEST_HOST = "$(BUILT_PRODUCTS_DIR)/alamofire-practice.app/alamofire-practice";
			};
			name = Debug;
		};
		F4F0A964259DAB2C008B09DD /* Release */ = {
			isa = XCBuildConfiguration;
			baseConfigurationReference = C30E63FDD57389DE0A013885 /* Pods-alamofire-practiceTests.release.xcconfig */;
			buildSettings = {
				ALWAYS_EMBED_SWIFT_STANDARD_LIBRARIES = YES;
				BUNDLE_LOADER = "$(TEST_HOST)";
				CODE_SIGN_STYLE = Automatic;
				DEVELOPMENT_TEAM = A4Y56L47G9;
				INFOPLIST_FILE = "alamofire-practiceTests/Info.plist";
				IPHONEOS_DEPLOYMENT_TARGET = 14.3;
				LD_RUNPATH_SEARCH_PATHS = (
					"$(inherited)",
					"@executable_path/Frameworks",
					"@loader_path/Frameworks",
				);
				PRODUCT_BUNDLE_IDENTIFIER = "com.alamofire-practiceTests";
				PRODUCT_NAME = "$(TARGET_NAME)";
				SWIFT_VERSION = 5.0;
				TARGETED_DEVICE_FAMILY = "1,2";
				TEST_HOST = "$(BUILT_PRODUCTS_DIR)/alamofire-practice.app/alamofire-practice";
			};
			name = Release;
		};
		F4F0A966259DAB2C008B09DD /* Debug */ = {
			isa = XCBuildConfiguration;
			baseConfigurationReference = 88F3ECE53F3AEC50D362FC72 /* Pods-alamofire-practice-alamofire-practiceUITests.debug.xcconfig */;
			buildSettings = {
				ALWAYS_EMBED_SWIFT_STANDARD_LIBRARIES = YES;
				CODE_SIGN_STYLE = Automatic;
				DEVELOPMENT_TEAM = A4Y56L47G9;
				INFOPLIST_FILE = "alamofire-practiceUITests/Info.plist";
				LD_RUNPATH_SEARCH_PATHS = (
					"$(inherited)",
					"@executable_path/Frameworks",
					"@loader_path/Frameworks",
				);
				PRODUCT_BUNDLE_IDENTIFIER = "com.alamofire-practiceUITests";
				PRODUCT_NAME = "$(TARGET_NAME)";
				SWIFT_VERSION = 5.0;
				TARGETED_DEVICE_FAMILY = "1,2";
				TEST_TARGET_NAME = "alamofire-practice";
			};
			name = Debug;
		};
		F4F0A967259DAB2C008B09DD /* Release */ = {
			isa = XCBuildConfiguration;
			baseConfigurationReference = 8769F96B9C49E70536A642AA /* Pods-alamofire-practice-alamofire-practiceUITests.release.xcconfig */;
			buildSettings = {
				ALWAYS_EMBED_SWIFT_STANDARD_LIBRARIES = YES;
				CODE_SIGN_STYLE = Automatic;
				DEVELOPMENT_TEAM = A4Y56L47G9;
				INFOPLIST_FILE = "alamofire-practiceUITests/Info.plist";
				LD_RUNPATH_SEARCH_PATHS = (
					"$(inherited)",
					"@executable_path/Frameworks",
					"@loader_path/Frameworks",
				);
				PRODUCT_BUNDLE_IDENTIFIER = "com.alamofire-practiceUITests";
				PRODUCT_NAME = "$(TARGET_NAME)";
				SWIFT_VERSION = 5.0;
				TARGETED_DEVICE_FAMILY = "1,2";
				TEST_TARGET_NAME = "alamofire-practice";
			};
			name = Release;
		};
/* End XCBuildConfiguration section */

/* Begin XCConfigurationList section */
		F4F0A930259DAB2B008B09DD /* Build configuration list for PBXProject "alamofire-practice" */ = {
			isa = XCConfigurationList;
			buildConfigurations = (
				F4F0A95D259DAB2C008B09DD /* Debug */,
				F4F0A95E259DAB2C008B09DD /* Release */,
			);
			defaultConfigurationIsVisible = 0;
			defaultConfigurationName = Release;
		};
		F4F0A95F259DAB2C008B09DD /* Build configuration list for PBXNativeTarget "alamofire-practice" */ = {
			isa = XCConfigurationList;
			buildConfigurations = (
				F4F0A960259DAB2C008B09DD /* Debug */,
				F4F0A961259DAB2C008B09DD /* Release */,
			);
			defaultConfigurationIsVisible = 0;
			defaultConfigurationName = Release;
		};
		F4F0A962259DAB2C008B09DD /* Build configuration list for PBXNativeTarget "alamofire-practiceTests" */ = {
			isa = XCConfigurationList;
			buildConfigurations = (
				F4F0A963259DAB2C008B09DD /* Debug */,
				F4F0A964259DAB2C008B09DD /* Release */,
			);
			defaultConfigurationIsVisible = 0;
			defaultConfigurationName = Release;
		};
		F4F0A965259DAB2C008B09DD /* Build configuration list for PBXNativeTarget "alamofire-practiceUITests" */ = {
			isa = XCConfigurationList;
			buildConfigurations = (
				F4F0A966259DAB2C008B09DD /* Debug */,
				F4F0A967259DAB2C008B09DD /* Release */,
			);
			defaultConfigurationIsVisible = 0;
			defaultConfigurationName = Release;
		};
/* End XCConfigurationList section */
	};
	rootObject = F4F0A92D259DAB2B008B09DD /* Project object */;
}
